{
  "name": "example_libfloresta_site",
  "version": "1.0.0",
  "lockfileVersion": 3,
  "requires": true,
  "packages": {
    "": {
      "name": "example_libfloresta_site",
      "version": "1.0.0",
      "license": "ISC",
      "dependencies": {
        "example_libfloresta": "^0.1.1"
      }
    },
    "node_modules/example_libfloresta": {
      "version": "0.1.1",
      "resolved": "https://registry.npmjs.org/example_libfloresta/-/example_libfloresta-0.1.1.tgz",
      "integrity": "sha512-U2iIdS6jSYYIW0k2Hn3Nv1WfiLCbyVQnIuVzMhEsra7MY1JwHVOK3j5E46cIJ4sE5iq6tO23IkWcassdCwYeFg=="
    }
  }
}
